
Microsoft Visual Studio Solution File, Format Version 12.00
# Visual Studio Version 16
VisualStudioVersion = 16.0.30114.105
MinimumVisualStudioVersion = 10.0.40219.1
Project("{FAE04EC0-301F-11D3-BF4B-00C04F79EFBC}") = "Chapter_2_Studio", "Chapter_2_Studio\Chapter_2_Studio.csproj", "{92F571A0-631C-426B-AFEA-43AF5C8E6E99}"
EndProject
Global
	GlobalSection(SolutionConfigurationPlatforms) = preSolution
		Debug|Any CPU = Debug|Any CPU
		Release|Any CPU = Release|Any CPU
	EndGlobalSection
	GlobalSection(ProjectConfigurationPlatforms) = postSolution
		{92F571A0-631C-426B-AFEA-43AF5C8E6E99}.Debug|Any CPU.ActiveCfg = Debug|Any CPU
		{92F571A0-631C-426B-AFEA-43AF5C8E6E99}.Debug|Any CPU.Build.0 = Debug|Any CPU
		{92F571A0-631C-426B-AFEA-43AF5C8E6E99}.Release|Any CPU.ActiveCfg = Release|Any CPU
		{92F571A0-631C-426B-AFEA-43AF5C8E6E99}.Release|Any CPU.Build.0 = Release|Any CPU
	EndGlobalSection
	GlobalSection(SolutionProperties) = preSolution
		HideSolutionNode = FALSE
	EndGlobalSection
	GlobalSection(ExtensibilityGlobals) = postSolution
		SolutionGuid = {2B7C7D3C-E293-4239-BEF4-54159DA42BD1}
	EndGlobalSection
EndGlobal
